github.com/alphabiz-se2/wowchemy-module-chipchain v0.1.0 h1:3p0NyJVC6HBobtrfwiIRbV1Nmk+d4Fd4lOYnfWmoQAw=
github.com/alphabiz-se2/wowchemy-module-chipchain v0.1.0/go.mod h1:44wP/Ph0gOc990UNl6sR7WXWze6yuWiTf5cIrqQveZk=
github.com/wowchemy/wowchemy-hugo-modules/wowchemy-cms/v5 v5.0.0-20211017222640-7201a4fa8c44 h1:9lGpKuxWOHJdiYti0BkfRK/NRBAFa9FXdXb+Rr39S0w=
github.com/wowchemy/wowchemy-hugo-modules/wowchemy-cms/v5 v5.0.0-20211017222640-7201a4fa8c44/go.mod h1:Sp/AKo+2HAPi/IPHp1MEdKPmee+mzO5+efUBUPLPqPE=
github.com/wowchemy/wowchemy-hugo-modules/wowchemy/v5 v5.0.0-20211017222640-7201a4fa8c44 h1:Fx7czK3RdLfqbpDsCk1BAG6G4fyqs5D1ZGIyPuH7GmQ=
github.com/wowchemy/wowchemy-hugo-modules/wowchemy/v5 v5.0.0-20211017222640-7201a4fa8c44/go.mod h1:2iL9rdrUYyJXX2BeHKfK+QbqZlubCsaR60nQ87NRQTY=
